{
  "version": 4,
  "terraform_version": "1.4.6",
  "serial": 13,
  "lineage": "4f103cd0-1cc8-25d9-26bf-60fe389817ee",
  "outputs": {},
  "resources": [
    {
      "mode": "managed",
      "type": "github_repository",
      "name": "example",
      "provider": "provider[\"registry.terraform.io/integrations/github\"]",
      "instances": [
        {
          "schema_version": 1,
          "attributes": {
            "allow_auto_merge": false,
            "allow_merge_commit": true,
            "allow_rebase_merge": true,
            "allow_squash_merge": true,
            "allow_update_branch": false,
            "archive_on_destroy": null,
            "archived": false,
            "auto_init": null,
            "default_branch": "main",
            "delete_branch_on_merge": false,
            "description": "My awesome codebase",
            "etag": "W/\"47e1f7952150c350f88358fcfd4f4a13389953c9a9a284bdefe14752f5d7eb88\"",
            "full_name": "manojsaik/tf-managed",
            "git_clone_url": "git://github.com/manojsaik/tf-managed.git",
            "gitignore_template": null,
            "has_discussions": false,
            "has_downloads": false,
            "has_issues": false,
            "has_projects": false,
            "has_wiki": false,
            "homepage_url": "",
            "html_url": "https://github.com/manojsaik/tf-managed",
            "http_clone_url": "https://github.com/manojsaik/tf-managed.git",
            "id": "tf-managed",
            "ignore_vulnerability_alerts_during_read": null,
            "is_template": false,
            "license_template": null,
            "merge_commit_message": "PR_TITLE",
            "merge_commit_title": "MERGE_MESSAGE",
            "name": "tf-managed",
            "node_id": "R_kgDOJqtgdQ",
            "pages": [],
            "private": false,
            "repo_id": 648765557,
            "security_and_analysis": [
              {
                "advanced_security": [],
                "secret_scanning": [
                  {
                    "status": "disabled"
                  }
                ],
                "secret_scanning_push_protection": [
                  {
                    "status": "disabled"
                  }
                ]
              }
            ],
            "squash_merge_commit_message": "COMMIT_MESSAGES",
            "squash_merge_commit_title": "COMMIT_OR_PR_TITLE",
            "ssh_clone_url": "git@github.com:manojsaik/tf-managed.git",
            "svn_url": "https://github.com/manojsaik/tf-managed",
            "template": [],
            "topics": null,
            "visibility": "public",
            "vulnerability_alerts": false
          },
          "sensitive_attributes": [],
          "private": "eyJzY2hlbWFfdmVyc2lvbiI6IjEifQ=="
        }
      ]
    },
    {
      "mode": "managed",
      "type": "local_file",
      "name": "myfile",
      "provider": "provider[\"registry.terraform.io/hashicorp/local\"]",
      "instances": [
        {
          "schema_version": 0,
          "attributes": {
            "content": "How ist going? data.local_file.dat.content",
            "content_base64": null,
            "content_base64sha256": "kIL/Vu0W83Nymyd2WsXIhLMq6G7exFYdB8RebOLWk74=",
            "content_base64sha512": "RYG0NKP5i09g8bWYaFti1DClqgYIwYf3VttgkMcBmgM2WDnsYqLlc0RjBevwpcEjzKne27zMQWBgFuz5H6vz7Q==",
            "content_md5": "960c683cf38b5c40de05a34def20092f",
            "content_sha1": "1eead7929bb9003393f6da7a2152ca8e52f3e1e0",
            "content_sha256": "9082ff56ed16f373729b27765ac5c884b32ae86edec4561d07c45e6ce2d693be",
            "content_sha512": "4581b434a3f98b4f60f1b598685b62d430a5aa0608c187f756db6090c7019a03365839ec62a2e573446305ebf0a5c123cca9dedbbccc41606016ecf91fabf3ed",
            "directory_permission": "0777",
            "file_permission": "0777",
            "filename": "/Users/manojk/tf-code/udemy-course/mnjk.txt",
            "id": "1eead7929bb9003393f6da7a2152ca8e52f3e1e0",
            "sensitive_content": null,
            "source": null
          },
          "sensitive_attributes": []
        }
      ]
    }
  ],
  "check_results": null
}
