{
  "version": 4,
  "terraform_version": "1.4.6",
  "serial": 40,
  "lineage": "4152a6f3-abad-74ac-79b1-8f0e7c640a8e",
  "outputs": {
    "jenkins": {
      "value": "3.147.78.212",
      "type": "string"
    }
  },
  "resources": [
    {
      "mode": "managed",
      "type": "aws_instance",
      "name": "jenkins-server",
      "provider": "provider[\"registry.terraform.io/hashicorp/aws\"]",
      "instances": [
        {
          "schema_version": 1,
          "attributes": {
            "ami": "ami-092b51d9008adea15",
            "arn": "arn:aws:ec2:us-east-2:949620661336:instance/i-0e79825bd3779dc88",
            "associate_public_ip_address": true,
            "availability_zone": "us-east-2a",
            "capacity_reservation_specification": [
              {
                "capacity_reservation_preference": "open",
                "capacity_reservation_target": []
              }
            ],
            "cpu_core_count": 1,
            "cpu_options": [
              {
                "amd_sev_snp": "",
                "core_count": 1,
                "threads_per_core": 1
              }
            ],
            "cpu_threads_per_core": 1,
            "credit_specification": [
              {
                "cpu_credits": "standard"
              }
            ],
            "disable_api_stop": false,
            "disable_api_termination": false,
            "ebs_block_device": [],
            "ebs_optimized": false,
            "enclave_options": [
              {
                "enabled": false
              }
            ],
            "ephemeral_block_device": [],
            "get_password_data": false,
            "hibernation": false,
            "host_id": "",
            "host_resource_group_arn": null,
            "iam_instance_profile": "",
            "id": "i-0e79825bd3779dc88",
            "instance_initiated_shutdown_behavior": "stop",
            "instance_lifecycle": "",
            "instance_market_options": [],
            "instance_state": "running",
            "instance_type": "t2.small",
            "ipv6_address_count": 0,
            "ipv6_addresses": [],
            "key_name": "tf",
            "launch_template": [],
            "maintenance_options": [
              {
                "auto_recovery": "default"
              }
            ],
            "metadata_options": [
              {
                "http_endpoint": "enabled",
                "http_protocol_ipv6": "disabled",
                "http_put_response_hop_limit": 2,
                "http_tokens": "required",
                "instance_metadata_tags": "disabled"
              }
            ],
            "monitoring": false,
            "network_interface": [],
            "outpost_arn": "",
            "password_data": "",
            "placement_group": "",
            "placement_partition_number": 0,
            "primary_network_interface_id": "eni-06b1a30c6860ac412",
            "private_dns": "ip-172-31-9-37.us-east-2.compute.internal",
            "private_dns_name_options": [
              {
                "enable_resource_name_dns_a_record": false,
                "enable_resource_name_dns_aaaa_record": false,
                "hostname_type": "ip-name"
              }
            ],
            "private_ip": "172.31.9.37",
            "public_dns": "ec2-3-147-78-212.us-east-2.compute.amazonaws.com",
            "public_ip": "3.147.78.212",
            "root_block_device": [
              {
                "delete_on_termination": true,
                "device_name": "/dev/xvda",
                "encrypted": false,
                "iops": 100,
                "kms_key_id": "",
                "tags": null,
                "throughput": 0,
                "volume_id": "vol-07eead86760015cf8",
                "volume_size": 10,
                "volume_type": "gp2"
              }
            ],
            "secondary_private_ips": [],
            "security_groups": [
              "launch-wizard-3"
            ],
            "source_dest_check": true,
            "spot_instance_request_id": "",
            "subnet_id": "subnet-1dfb0774",
            "tags": {
              "Name": "jenkins-server"
            },
            "tags_all": {
              "Name": "jenkins-server"
            },
            "tenancy": "default",
            "timeouts": null,
            "user_data": "e4bbf1617c66e953187f99d2ad8a9817ae032d6a",
            "user_data_base64": null,
            "user_data_replace_on_change": false,
            "volume_tags": null,
            "vpc_security_group_ids": [
              "sg-0d6d91f8d6df34330"
            ]
          },
          "sensitive_attributes": [],
          "private": "eyJlMmJmYjczMC1lY2FhLTExZTYtOGY4OC0zNDM2M2JjN2M0YzAiOnsiY3JlYXRlIjo2MDAwMDAwMDAwMDAsImRlbGV0ZSI6MTIwMDAwMDAwMDAwMCwidXBkYXRlIjo2MDAwMDAwMDAwMDB9LCJzY2hlbWFfdmVyc2lvbiI6IjEifQ=="
        }
      ]
    },
    {
      "mode": "managed",
      "type": "aws_key_pair",
      "name": "pemkey",
      "provider": "provider[\"registry.terraform.io/hashicorp/aws\"]",
      "instances": [
        {
          "schema_version": 1,
          "attributes": {
            "arn": "arn:aws:ec2:us-east-2:949620661336:key-pair/tf",
            "fingerprint": "f0:1c:a7:28:4d:45:74:d4:fd:b3:9a:c5:a0:13:a5:e0",
            "id": "tf",
            "key_name": "tf",
            "key_name_prefix": "",
            "key_pair_id": "key-01a43e628509f4398",
            "key_type": "rsa",
            "public_key": "ssh-rsa AAAAB3NzaC1yc2EAAAADAQABAAABgQC2cTlQYgCQSneA+L881VDqNOnl9z4ZGkWFj4SqE0tPcZCde9OmA1/hy3Ox/bZ/SDZe/i+XSOdtm/RzZTdolN/RAaAihPs1uEzCI6HXLP+oCcfejZvwOyzfv/N4UoPUUo0mfg8Ls4DXNT/lh/BnVyNrz3MGbu4RL+HKmikOhr7FeV4VOzq4xLbarHLct6umyp7dA13d5pSCDtjUNAQxSJsehJ7eKRwlG7qrCjehQIe6KUSkufqIwQSw54XQhA6uu+Prd8FzBLCMN0kzhIJQjy8zPE+naKxjHUbdAoSwVWosfH7KBST4tc+lDPOKPEY+uydw1z+jsUTWRAt4ErJxHnUutxqnUiiBqdN0chbKH88R0NbHAOkd0bsX9ldOypiRZZWUDXQrvvYQm1900SuOfmfKm29aM5fV0npmFuHwUKHTlXEH3+RE2R6z4qUm6Jqcjf2CP1HKaMoaJKiCU/ENqqSLsYzhMiqOt3czTR+bS3RiNRmsdI9Ziwnt8LYqJ6MsknU= manojk@Manojs-MacBook-Pro.local",
            "tags": null,
            "tags_all": {}
          },
          "sensitive_attributes": [],
          "private": "eyJzY2hlbWFfdmVyc2lvbiI6IjEifQ=="
        }
      ]
    }
  ],
  "check_results": null
}
