{
  "version": 4,
  "terraform_version": "1.4.6",
  "serial": 6,
  "lineage": "41309cdf-285e-2dee-6420-0e7ef7be45e5",
  "outputs": {},
  "resources": [
    {
      "mode": "managed",
      "type": "local_file",
      "name": "highman",
      "provider": "provider[\"registry.terraform.io/hashicorp/local\"]",
      "instances": [
        {
          "status": "tainted",
          "schema_version": 0,
          "attributes": {
            "content": "this is a tainted content use carefully",
            "content_base64": null,
            "content_base64sha256": "hdTYZ2L9tBv9gJl1b+e8d4S0FCs6b5SfqIWwVVC8Mr8=",
            "content_base64sha512": "QwHao8Bf9YFCaodH/5Eew+7jpKKJ/Xkbvr7l8oj1DGBNw31pvtSvxCLN7bhDdbjjJL/Mc8ghbQIpVUpQsfXAqA==",
            "content_md5": "c665b5cdc4a1310f7dc36a859e80097c",
            "content_sha1": "c033c080accdcc778b20961c1b49e89f08090f84",
            "content_sha256": "85d4d86762fdb41bfd8099756fe7bc7784b4142b3a6f949fa885b05550bc32bf",
            "content_sha512": "4301daa3c05ff581426a8747ff911ec3eee3a4a289fd791bbebee5f288f50c604dc37d69bed4afc422cdedb84375b8e324bfcc73c8216d0229554a50b1f5c0a8",
            "directory_permission": "0777",
            "file_permission": "0777",
            "filename": "~/taint.txt",
            "id": "c033c080accdcc778b20961c1b49e89f08090f84",
            "sensitive_content": null,
            "source": null
          },
          "sensitive_attributes": []
        }
      ]
    }
  ],
  "check_results": null
}
